{
    "version": 3,
    "terraform_version": "0.11.1",
    "serial": 2,
    "lineage": "8a45a8bf-f254-4005-ac03-f3c785a9598f",
    "modules": [
        {
            "path": [
                "root"
            ],
            "outputs": {
                "offer_service_url": {
                    "sensitive": false,
                    "type": "string",
                    "value": "http://offer-service-805312599.eu-west-1.elb.amazonaws.com"
                }
            },
            "resources": {},
            "depends_on": []
        },
        {
            "path": [
                "root",
                "ecs_cluster"
            ],
            "outputs": {
                "ecs_cluster_id": {
                    "sensitive": false,
                    "type": "string",
                    "value": "arn:aws:ecs:eu-west-1:293486771097:cluster/offer-cluster"
                },
                "security_group_id": {
                    "sensitive": false,
                    "type": "string",
                    "value": "sg-6369bd19"
                }
            },
            "resources": {
                "aws_ecs_cluster.example_cluster": {
                    "type": "aws_ecs_cluster",
                    "depends_on": [],
                    "primary": {
                        "id": "arn:aws:ecs:eu-west-1:293486771097:cluster/offer-cluster",
                        "attributes": {
                            "arn": "arn:aws:ecs:eu-west-1:293486771097:cluster/offer-cluster",
                            "id": "arn:aws:ecs:eu-west-1:293486771097:cluster/offer-cluster",
                            "name": "offer-cluster"
                        },
                        "meta": {},
                        "tainted": false
                    },
                    "deposed": [],
                    "provider": "provider.aws"
                },
                "aws_security_group.ecs_instance": {
                    "type": "aws_security_group",
                    "depends_on": [],
                    "primary": {
                        "id": "sg-6369bd19",
                        "attributes": {
                            "description": "Security group for the EC2 instances in the ECS cluster offer-cluster",
                            "egress.#": "0",
                            "id": "sg-6369bd19",
                            "ingress.#": "0",
                            "name": "offer-cluster",
                            "owner_id": "293486771097",
                            "revoke_rules_on_delete": "false",
                            "tags.%": "0",
                            "vpc_id": "vpc-ea69a38c"
                        },
                        "meta": {
                            "schema_version": "1"
                        },
                        "tainted": false
                    },
                    "deposed": [],
                    "provider": "provider.aws"
                },
                "aws_security_group_rule.all_inbound_ports": {
                    "type": "aws_security_group_rule",
                    "depends_on": [
                        "aws_security_group.ecs_instance"
                    ],
                    "primary": {
                        "id": "sgrule-3325964755",
                        "attributes": {
                            "cidr_blocks.#": "1",
                            "cidr_blocks.0": "0.0.0.0/0",
                            "from_port": "8080",
                            "id": "sgrule-3325964755",
                            "protocol": "tcp",
                            "security_group_id": "sg-6369bd19",
                            "self": "false",
                            "to_port": "8080",
                            "type": "ingress"
                        },
                        "meta": {
                            "schema_version": "2"
                        },
                        "tainted": false
                    },
                    "deposed": [],
                    "provider": "provider.aws"
                },
                "aws_security_group_rule.all_inbound_ssh": {
                    "type": "aws_security_group_rule",
                    "depends_on": [
                        "aws_security_group.ecs_instance"
                    ],
                    "primary": {
                        "id": "sgrule-1524344702",
                        "attributes": {
                            "cidr_blocks.#": "1",
                            "cidr_blocks.0": "0.0.0.0/0",
                            "from_port": "22",
                            "id": "sgrule-1524344702",
                            "protocol": "tcp",
                            "security_group_id": "sg-6369bd19",
                            "self": "false",
                            "to_port": "22",
                            "type": "ingress"
                        },
                        "meta": {
                            "schema_version": "2"
                        },
                        "tainted": false
                    },
                    "deposed": [],
                    "provider": "provider.aws"
                },
                "aws_security_group_rule.all_outbound_all": {
                    "type": "aws_security_group_rule",
                    "depends_on": [
                        "aws_security_group.ecs_instance"
                    ],
                    "primary": {
                        "id": "sgrule-2484389988",
                        "attributes": {
                            "cidr_blocks.#": "1",
                            "cidr_blocks.0": "0.0.0.0/0",
                            "from_port": "0",
                            "id": "sgrule-2484389988",
                            "protocol": "-1",
                            "security_group_id": "sg-6369bd19",
                            "self": "false",
                            "to_port": "0",
                            "type": "egress"
                        },
                        "meta": {
                            "schema_version": "2"
                        },
                        "tainted": false
                    },
                    "deposed": [],
                    "provider": "provider.aws"
                },
                "data.aws_iam_policy_document.ecs_cluster_permissions": {
                    "type": "aws_iam_policy_document",
                    "depends_on": [],
                    "primary": {
                        "id": "1550038724",
                        "attributes": {
                            "id": "1550038724",
                            "json": "{\n  \"Version\": \"2012-10-17\",\n  \"Statement\": [\n    {\n      \"Sid\": \"\",\n      \"Effect\": \"Allow\",\n      \"Action\": [\n        \"logs:*\",\n        \"ecs:Submit*\",\n        \"ecs:StartTelemetrySession\",\n        \"ecs:RegisterContainerInstance\",\n        \"ecs:Poll\",\n        \"ecs:DiscoverPollEndpoint\",\n        \"ecs:DeregisterContainerInstance\",\n        \"ecs:CreateCluster\",\n        \"ecr:*\"\n      ],\n      \"Resource\": \"*\"\n    }\n  ]\n}",
                            "statement.#": "1",
                            "statement.0.actions.#": "9",
                            "statement.0.actions.1040462066": "ecs:CreateCluster",
                            "statement.0.actions.1556823005": "ecs:DiscoverPollEndpoint",
                            "statement.0.actions.2380047621": "logs:*",
                            "statement.0.actions.2847989156": "ecs:RegisterContainerInstance",
                            "statement.0.actions.29564810": "ecr:*",
                            "statement.0.actions.3022016053": "ecs:Poll",
                            "statement.0.actions.3930434082": "ecs:DeregisterContainerInstance",
                            "statement.0.actions.4035422284": "ecs:StartTelemetrySession",
                            "statement.0.actions.782373524": "ecs:Submit*",
                            "statement.0.condition.#": "0",
                            "statement.0.effect": "Allow",
                            "statement.0.not_actions.#": "0",
                            "statement.0.not_principals.#": "0",
                            "statement.0.not_resources.#": "0",
                            "statement.0.principals.#": "0",
                            "statement.0.resources.#": "1",
                            "statement.0.resources.2679715827": "*",
                            "statement.0.sid": ""
                        },
                        "meta": {},
                        "tainted": false
                    },
                    "deposed": [],
                    "provider": "provider.aws"
                },
                "data.aws_iam_policy_document.ecs_instance": {
                    "type": "aws_iam_policy_document",
                    "depends_on": [],
                    "primary": {
                        "id": "1903849331",
                        "attributes": {
                            "id": "1903849331",
                            "json": "{\n  \"Version\": \"2012-10-17\",\n  \"Statement\": [\n    {\n      \"Sid\": \"\",\n      \"Effect\": \"Allow\",\n      \"Action\": \"sts:AssumeRole\",\n      \"Principal\": {\n        \"Service\": \"ec2.amazonaws.com\"\n      }\n    }\n  ]\n}",
                            "statement.#": "1",
                            "statement.0.actions.#": "1",
                            "statement.0.actions.2528466339": "sts:AssumeRole",
                            "statement.0.condition.#": "0",
                            "statement.0.effect": "Allow",
                            "statement.0.not_actions.#": "0",
                            "statement.0.not_principals.#": "0",
                            "statement.0.not_resources.#": "0",
                            "statement.0.principals.#": "1",
                            "statement.0.principals.1134724139.identifiers.#": "1",
                            "statement.0.principals.1134724139.identifiers.3655884555": "ec2.amazonaws.com",
                            "statement.0.principals.1134724139.type": "Service",
                            "statement.0.resources.#": "0",
                            "statement.0.sid": ""
                        },
                        "meta": {},
                        "tainted": false
                    },
                    "deposed": [],
                    "provider": "provider.aws"
                }
            },
            "depends_on": []
        },
        {
            "path": [
                "root",
                "offer_service"
            ],
            "outputs": {
                "task_arn": {
                    "sensitive": false,
                    "type": "string",
                    "value": "arn:aws:ecs:eu-west-1:293486771097:task-definition/offer-service:5"
                }
            },
            "resources": {
                "aws_ecs_task_definition.task": {
                    "type": "aws_ecs_task_definition",
                    "depends_on": [
                        "data.template_file.env_vars.*"
                    ],
                    "primary": {
                        "id": "offer-service",
                        "attributes": {
                            "arn": "arn:aws:ecs:eu-west-1:293486771097:task-definition/offer-service:5",
                            "container_definitions": "[{\"cpu\":1024,\"environment\":[{\"name\":\"EXTRA_JAVA_PARAMS\",\"value\":\"\"}],\"essential\":true,\"image\":\"293486771097.dkr.ecr.eu-west-1.amazonaws.com/offer-service:latest\",\"logConfiguration\":{\"logDriver\":\"awslogs\",\"options\":{\"awslogs-group\":\"offer-service\",\"awslogs-region\":\"eu-west-1\"}},\"memory\":800,\"mountPoints\":[],\"name\":\"offer-service\",\"portMappings\":[{\"containerPort\":8080,\"hostPort\":8080,\"protocol\":\"tcp\"}],\"volumesFrom\":[]}]",
                            "cpu": "",
                            "execution_role_arn": "",
                            "family": "offer-service",
                            "id": "offer-service",
                            "memory": "",
                            "network_mode": "",
                            "placement_constraints.#": "0",
                            "requires_compatibilities.#": "0",
                            "revision": "5",
                            "task_role_arn": ""
                        },
                        "meta": {
                            "schema_version": "1"
                        },
                        "tainted": false
                    },
                    "deposed": [],
                    "provider": "provider.aws"
                },
                "data.aws_iam_policy_document.ecs_service_policy": {
                    "type": "aws_iam_policy_document",
                    "depends_on": [],
                    "primary": {
                        "id": "3615693260",
                        "attributes": {
                            "id": "3615693260",
                            "json": "{\n  \"Version\": \"2012-10-17\",\n  \"Statement\": [\n    {\n      \"Sid\": \"\",\n      \"Effect\": \"Allow\",\n      \"Action\": [\n        \"elasticloadbalancing:RegisterInstancesWithLoadBalancer\",\n        \"elasticloadbalancing:Describe*\",\n        \"elasticloadbalancing:DeregisterInstancesFromLoadBalancer\",\n        \"ec2:Describe*\",\n        \"ec2:AuthorizeSecurityGroupIngress\"\n      ],\n      \"Resource\": \"*\"\n    }\n  ]\n}",
                            "statement.#": "1",
                            "statement.0.actions.#": "5",
                            "statement.0.actions.2459212947": "ec2:Describe*",
                            "statement.0.actions.2464853358": "ec2:AuthorizeSecurityGroupIngress",
                            "statement.0.actions.2706807274": "elasticloadbalancing:DeregisterInstancesFromLoadBalancer",
                            "statement.0.actions.2747799858": "elasticloadbalancing:Describe*",
                            "statement.0.actions.982461153": "elasticloadbalancing:RegisterInstancesWithLoadBalancer",
                            "statement.0.condition.#": "0",
                            "statement.0.effect": "Allow",
                            "statement.0.not_actions.#": "0",
                            "statement.0.not_principals.#": "0",
                            "statement.0.not_resources.#": "0",
                            "statement.0.principals.#": "0",
                            "statement.0.resources.#": "1",
                            "statement.0.resources.2679715827": "*",
                            "statement.0.sid": ""
                        },
                        "meta": {},
                        "tainted": false
                    },
                    "deposed": [],
                    "provider": "provider.aws"
                },
                "data.aws_iam_policy_document.ecs_service_role": {
                    "type": "aws_iam_policy_document",
                    "depends_on": [],
                    "primary": {
                        "id": "3622649364",
                        "attributes": {
                            "id": "3622649364",
                            "json": "{\n  \"Version\": \"2012-10-17\",\n  \"Statement\": [\n    {\n      \"Sid\": \"\",\n      \"Effect\": \"Allow\",\n      \"Action\": \"sts:AssumeRole\",\n      \"Principal\": {\n        \"Service\": \"ecs.amazonaws.com\"\n      }\n    }\n  ]\n}",
                            "statement.#": "1",
                            "statement.0.actions.#": "1",
                            "statement.0.actions.2528466339": "sts:AssumeRole",
                            "statement.0.condition.#": "0",
                            "statement.0.effect": "Allow",
                            "statement.0.not_actions.#": "0",
                            "statement.0.not_principals.#": "0",
                            "statement.0.not_resources.#": "0",
                            "statement.0.principals.#": "1",
                            "statement.0.principals.1113412664.identifiers.#": "1",
                            "statement.0.principals.1113412664.identifiers.1509832800": "ecs.amazonaws.com",
                            "statement.0.principals.1113412664.type": "Service",
                            "statement.0.resources.#": "0",
                            "statement.0.sid": ""
                        },
                        "meta": {},
                        "tainted": false
                    },
                    "deposed": [],
                    "provider": "provider.aws"
                },
                "data.template_file.env_vars": {
                    "type": "template_file",
                    "depends_on": [],
                    "primary": {
                        "id": "fe4a6d2a46a11c8906008e0164113d5035578882eb8ca71fae7ce11a65162b20",
                        "attributes": {
                            "id": "fe4a6d2a46a11c8906008e0164113d5035578882eb8ca71fae7ce11a65162b20",
                            "rendered": "{\"name\": \"EXTRA_JAVA_PARAMS\", \"value\": \"\"}\n",
                            "template": "{\"name\": \"EXTRA_JAVA_PARAMS\", \"value\": \"\"}\n"
                        },
                        "meta": {},
                        "tainted": false
                    },
                    "deposed": [],
                    "provider": "provider.template"
                }
            },
            "depends_on": []
        },
        {
            "path": [
                "root",
                "offer_service_elb"
            ],
            "outputs": {
                "elb_dns_name": {
                    "sensitive": false,
                    "type": "string",
                    "value": "offer-service-805312599.eu-west-1.elb.amazonaws.com"
                },
                "elb_name": {
                    "sensitive": false,
                    "type": "string",
                    "value": "offer-service"
                },
                "security_group_id": {
                    "sensitive": false,
                    "type": "string",
                    "value": "sg-b36ebac9"
                }
            },
            "resources": {
                "aws_elb.elb": {
                    "type": "aws_elb",
                    "depends_on": [
                        "aws_security_group.elb"
                    ],
                    "primary": {
                        "id": "offer-service",
                        "attributes": {
                            "access_logs.#": "0",
                            "arn": "arn:aws:elasticloadbalancing:eu-west-1:293486771097:loadbalancer/offer-service",
                            "availability_zones.#": "1",
                            "availability_zones.3953592328": "eu-west-1a",
                            "connection_draining": "false",
                            "connection_draining_timeout": "300",
                            "cross_zone_load_balancing": "true",
                            "dns_name": "offer-service-805312599.eu-west-1.elb.amazonaws.com",
                            "health_check.#": "1",
                            "health_check.0.healthy_threshold": "2",
                            "health_check.0.interval": "15",
                            "health_check.0.target": "HTTP:8080/health",
                            "health_check.0.timeout": "5",
                            "health_check.0.unhealthy_threshold": "2",
                            "id": "offer-service",
                            "idle_timeout": "60",
                            "instances.#": "0",
                            "internal": "false",
                            "listener.#": "1",
                            "listener.4194037475.instance_port": "8080",
                            "listener.4194037475.instance_protocol": "http",
                            "listener.4194037475.lb_port": "443",
                            "listener.4194037475.lb_protocol": "http",
                            "listener.4194037475.ssl_certificate_id": "",
                            "name": "offer-service",
                            "security_groups.#": "1",
                            "security_groups.228185492": "sg-b36ebac9",
                            "source_security_group": "293486771097/offer-service",
                            "source_security_group_id": "sg-b36ebac9",
                            "subnets.#": "1",
                            "subnets.947513773": "subnet-8ae902ec",
                            "tags.%": "0",
                            "zone_id": "Z32O12XQLNTSW2"
                        },
                        "meta": {},
                        "tainted": false
                    },
                    "deposed": [],
                    "provider": "provider.aws"
                },
                "aws_security_group.elb": {
                    "type": "aws_security_group",
                    "depends_on": [],
                    "primary": {
                        "id": "sg-b36ebac9",
                        "attributes": {
                            "description": "The security group for the offer-service ELB",
                            "egress.#": "0",
                            "id": "sg-b36ebac9",
                            "ingress.#": "0",
                            "name": "offer-service",
                            "owner_id": "293486771097",
                            "revoke_rules_on_delete": "false",
                            "tags.%": "0",
                            "vpc_id": "vpc-ea69a38c"
                        },
                        "meta": {
                            "schema_version": "1"
                        },
                        "tainted": false
                    },
                    "deposed": [],
                    "provider": "provider.aws"
                },
                "aws_security_group_rule.all_inbound_all": {
                    "type": "aws_security_group_rule",
                    "depends_on": [
                        "aws_security_group.elb"
                    ],
                    "primary": {
                        "id": "sgrule-2252446568",
                        "attributes": {
                            "cidr_blocks.#": "1",
                            "cidr_blocks.0": "0.0.0.0/0",
                            "from_port": "443",
                            "id": "sgrule-2252446568",
                            "protocol": "tcp",
                            "security_group_id": "sg-b36ebac9",
                            "self": "false",
                            "to_port": "443",
                            "type": "ingress"
                        },
                        "meta": {
                            "schema_version": "2"
                        },
                        "tainted": false
                    },
                    "deposed": [],
                    "provider": "provider.aws"
                },
                "aws_security_group_rule.all_outbound_all": {
                    "type": "aws_security_group_rule",
                    "depends_on": [
                        "aws_security_group.elb"
                    ],
                    "primary": {
                        "id": "sgrule-591079859",
                        "attributes": {
                            "cidr_blocks.#": "1",
                            "cidr_blocks.0": "0.0.0.0/0",
                            "from_port": "0",
                            "id": "sgrule-591079859",
                            "protocol": "-1",
                            "security_group_id": "sg-b36ebac9",
                            "self": "false",
                            "to_port": "0",
                            "type": "egress"
                        },
                        "meta": {
                            "schema_version": "2"
                        },
                        "tainted": false
                    },
                    "deposed": [],
                    "provider": "provider.aws"
                }
            },
            "depends_on": []
        }
    ]
}
